// !$*UTF8*$!
{
	archiveVersion = 1;
	classes = {
	};
	objectVersion = 56;
	objects = {

/* Begin PBXBuildFile section */
		CE6CFA702A13E16F0098DDE3 /* AppDelegate.swift in Sources */ = {isa = PBXBuildFile; fileRef = CE6CFA6F2A13E16F0098DDE3 /* AppDelegate.swift */; };
		CE6CFA722A13E16F0098DDE3 /* SceneDelegate.swift in Sources */ = {isa = PBXBuildFile; fileRef = CE6CFA712A13E16F0098DDE3 /* SceneDelegate.swift */; };
		CE6CFA772A13E16F0098DDE3 /* Main.storyboard in Resources */ = {isa = PBXBuildFile; fileRef = CE6CFA752A13E16F0098DDE3 /* Main.storyboard */; };
		CE6CFA792A13E1700098DDE3 /* Assets.xcassets in Resources */ = {isa = PBXBuildFile; fileRef = CE6CFA782A13E1700098DDE3 /* Assets.xcassets */; };
		CE6CFA7C2A13E1700098DDE3 /* LaunchScreen.storyboard in Resources */ = {isa = PBXBuildFile; fileRef = CE6CFA7A2A13E1700098DDE3 /* LaunchScreen.storyboard */; };
		CE6CFA852A13E1B60098DDE3 /* NewsListTableViewController.swift in Sources */ = {isa = PBXBuildFile; fileRef = CE6CFA842A13E1B60098DDE3 /* NewsListTableViewController.swift */; };
		CE6CFA882A13E6CE0098DDE3 /* WebService.swift in Sources */ = {isa = PBXBuildFile; fileRef = CE6CFA872A13E6CE0098DDE3 /* WebService.swift */; };
		CE6CFA8A2A13E9070098DDE3 /* Constants.swift in Sources */ = {isa = PBXBuildFile; fileRef = CE6CFA892A13E9070098DDE3 /* Constants.swift */; };
		CE6CFA8C2A13EA6A0098DDE3 /* ArticleModel.swift in Sources */ = {isa = PBXBuildFile; fileRef = CE6CFA8B2A13EA6A0098DDE3 /* ArticleModel.swift */; };
		CE6CFA8F2A13F2A80098DDE3 /* ArticleViewModel.swift in Sources */ = {isa = PBXBuildFile; fileRef = CE6CFA8E2A13F2A80098DDE3 /* ArticleViewModel.swift */; };
		CE6CFA932A13F6030098DDE3 /* ArticleTableViewCell.swift in Sources */ = {isa = PBXBuildFile; fileRef = CE6CFA922A13F6030098DDE3 /* ArticleTableViewCell.swift */; };
		CE6CFA962A13FDE70098DDE3 /* Extensions+Layout.swift in Sources */ = {isa = PBXBuildFile; fileRef = CE6CFA952A13FDE70098DDE3 /* Extensions+Layout.swift */; };
/* End PBXBuildFile section */

/* Begin PBXFileReference section */
		CE6CFA6C2A13E16F0098DDE3 /* NewsMate.app */ = {isa = PBXFileReference; explicitFileType = wrapper.application; includeInIndex = 0; path = NewsMate.app; sourceTree = BUILT_PRODUCTS_DIR; };
		CE6CFA6F2A13E16F0098DDE3 /* AppDelegate.swift */ = {isa = PBXFileReference; lastKnownFileType = sourcecode.swift; path = AppDelegate.swift; sourceTree = "<group>"; };
		CE6CFA712A13E16F0098DDE3 /* SceneDelegate.swift */ = {isa = PBXFileReference; lastKnownFileType = sourcecode.swift; path = SceneDelegate.swift; sourceTree = "<group>"; };
		CE6CFA762A13E16F0098DDE3 /* Base */ = {isa = PBXFileReference; lastKnownFileType = file.storyboard; name = Base; path = Base.lproj/Main.storyboard; sourceTree = "<group>"; };
		CE6CFA782A13E1700098DDE3 /* Assets.xcassets */ = {isa = PBXFileReference; lastKnownFileType = folder.assetcatalog; path = Assets.xcassets; sourceTree = "<group>"; };
		CE6CFA7B2A13E1700098DDE3 /* Base */ = {isa = PBXFileReference; lastKnownFileType = file.storyboard; name = Base; path = Base.lproj/LaunchScreen.storyboard; sourceTree = "<group>"; };
		CE6CFA7D2A13E1700098DDE3 /* Info.plist */ = {isa = PBXFileReference; lastKnownFileType = text.plist.xml; path = Info.plist; sourceTree = "<group>"; };
		CE6CFA842A13E1B60098DDE3 /* NewsListTableViewController.swift */ = {isa = PBXFileReference; lastKnownFileType = sourcecode.swift; path = NewsListTableViewController.swift; sourceTree = "<group>"; };
		CE6CFA872A13E6CE0098DDE3 /* WebService.swift */ = {isa = PBXFileReference; lastKnownFileType = sourcecode.swift; path = WebService.swift; sourceTree = "<group>"; };
		CE6CFA892A13E9070098DDE3 /* Constants.swift */ = {isa = PBXFileReference; lastKnownFileType = sourcecode.swift; path = Constants.swift; sourceTree = "<group>"; };
		CE6CFA8B2A13EA6A0098DDE3 /* ArticleModel.swift */ = {isa = PBXFileReference; lastKnownFileType = sourcecode.swift; path = ArticleModel.swift; sourceTree = "<group>"; };
		CE6CFA8E2A13F2A80098DDE3 /* ArticleViewModel.swift */ = {isa = PBXFileReference; lastKnownFileType = sourcecode.swift; path = ArticleViewModel.swift; sourceTree = "<group>"; };
		CE6CFA922A13F6030098DDE3 /* ArticleTableViewCell.swift */ = {isa = PBXFileReference; lastKnownFileType = sourcecode.swift; path = ArticleTableViewCell.swift; sourceTree = "<group>"; };
		CE6CFA952A13FDE70098DDE3 /* Extensions+Layout.swift */ = {isa = PBXFileReference; lastKnownFileType = sourcecode.swift; path = "Extensions+Layout.swift"; sourceTree = "<group>"; };
/* End PBXFileReference section */

/* Begin PBXFrameworksBuildPhase section */
		CE6CFA692A13E16F0098DDE3 /* Frameworks */ = {
			isa = PBXFrameworksBuildPhase;
			buildActionMask = 2147483647;
			files = (
			);
			runOnlyForDeploymentPostprocessing = 0;
		};
/* End PBXFrameworksBuildPhase section */

/* Begin PBXGroup section */
		CE6CFA632A13E16F0098DDE3 = {
			isa = PBXGroup;
			children = (
				CE6CFA6E2A13E16F0098DDE3 /* NewsMate */,
				CE6CFA6D2A13E16F0098DDE3 /* Products */,
			);
			sourceTree = "<group>";
		};
		CE6CFA6D2A13E16F0098DDE3 /* Products */ = {
			isa = PBXGroup;
			children = (
				CE6CFA6C2A13E16F0098DDE3 /* NewsMate.app */,
			);
			name = Products;
			sourceTree = "<group>";
		};
		CE6CFA6E2A13E16F0098DDE3 /* NewsMate */ = {
			isa = PBXGroup;
			children = (
				CE6CFA6F2A13E16F0098DDE3 /* AppDelegate.swift */,
				CE6CFA712A13E16F0098DDE3 /* SceneDelegate.swift */,
				CE6CFA892A13E9070098DDE3 /* Constants.swift */,
				CE6CFA942A13FDCE0098DDE3 /* Extensions */,
				CE6CFA912A13F5E70098DDE3 /* Cells */,
				CE6CFA902A13F5E10098DDE3 /* Models */,
				CE6CFA8D2A13F29B0098DDE3 /* ViewModel */,
				CE6CFA862A13E6BF0098DDE3 /* Services */,
				CE6CFA832A13E19D0098DDE3 /* Controllers */,
				CE6CFA752A13E16F0098DDE3 /* Main.storyboard */,
				CE6CFA782A13E1700098DDE3 /* Assets.xcassets */,
				CE6CFA7A2A13E1700098DDE3 /* LaunchScreen.storyboard */,
				CE6CFA7D2A13E1700098DDE3 /* Info.plist */,
			);
			path = NewsMate;
			sourceTree = "<group>";
		};
		CE6CFA832A13E19D0098DDE3 /* Controllers */ = {
			isa = PBXGroup;
			children = (
				CE6CFA842A13E1B60098DDE3 /* NewsListTableViewController.swift */,
			);
			path = Controllers;
			sourceTree = "<group>";
		};
		CE6CFA862A13E6BF0098DDE3 /* Services */ = {
			isa = PBXGroup;
			children = (
				CE6CFA872A13E6CE0098DDE3 /* WebService.swift */,
			);
			path = Services;
			sourceTree = "<group>";
		};
		CE6CFA8D2A13F29B0098DDE3 /* ViewModel */ = {
			isa = PBXGroup;
			children = (
				CE6CFA8E2A13F2A80098DDE3 /* ArticleViewModel.swift */,
			);
			path = ViewModel;
			sourceTree = "<group>";
		};
		CE6CFA902A13F5E10098DDE3 /* Models */ = {
			isa = PBXGroup;
			children = (
				CE6CFA8B2A13EA6A0098DDE3 /* ArticleModel.swift */,
			);
			path = Models;
			sourceTree = "<group>";
		};
		CE6CFA912A13F5E70098DDE3 /* Cells */ = {
			isa = PBXGroup;
			children = (
				CE6CFA922A13F6030098DDE3 /* ArticleTableViewCell.swift */,
			);
			path = Cells;
			sourceTree = "<group>";
		};
		CE6CFA942A13FDCE0098DDE3 /* Extensions */ = {
			isa = PBXGroup;
			children = (
				CE6CFA952A13FDE70098DDE3 /* Extensions+Layout.swift */,
			);
			path = Extensions;
			sourceTree = "<group>";
		};
/* End PBXGroup section */

/* Begin PBXNativeTarget section */
		CE6CFA6B2A13E16F0098DDE3 /* NewsMate */ = {
			isa = PBXNativeTarget;
			buildConfigurationList = CE6CFA802A13E1700098DDE3 /* Build configuration list for PBXNativeTarget "NewsMate" */;
			buildPhases = (
				CE6CFA682A13E16F0098DDE3 /* Sources */,
				CE6CFA692A13E16F0098DDE3 /* Frameworks */,
				CE6CFA6A2A13E16F0098DDE3 /* Resources */,
			);
			buildRules = (
			);
			dependencies = (
			);
			name = NewsMate;
			productName = NewsMate;
			productReference = CE6CFA6C2A13E16F0098DDE3 /* NewsMate.app */;
			productType = "com.apple.product-type.application";
		};
/* End PBXNativeTarget section */

/* Begin PBXProject section */
		CE6CFA642A13E16F0098DDE3 /* Project object */ = {
			isa = PBXProject;
			attributes = {
				BuildIndependentTargetsInParallel = 1;
				LastSwiftUpdateCheck = 1430;
				LastUpgradeCheck = 1430;
				TargetAttributes = {
					CE6CFA6B2A13E16F0098DDE3 = {
						CreatedOnToolsVersion = 14.3;
					};
				};
			};
			buildConfigurationList = CE6CFA672A13E16F0098DDE3 /* Build configuration list for PBXProject "NewsMate" */;
			compatibilityVersion = "Xcode 14.0";
			developmentRegion = en;
			hasScannedForEncodings = 0;
			knownRegions = (
				en,
				Base,
			);
			mainGroup = CE6CFA632A13E16F0098DDE3;
			productRefGroup = CE6CFA6D2A13E16F0098DDE3 /* Products */;
			projectDirPath = "";
			projectRoot = "";
			targets = (
				CE6CFA6B2A13E16F0098DDE3 /* NewsMate */,
			);
		};
/* End PBXProject section */

/* Begin PBXResourcesBuildPhase section */
		CE6CFA6A2A13E16F0098DDE3 /* Resources */ = {
			isa = PBXResourcesBuildPhase;
			buildActionMask = 2147483647;
			files = (
				CE6CFA7C2A13E1700098DDE3 /* LaunchScreen.storyboard in Resources */,
				CE6CFA792A13E1700098DDE3 /* Assets.xcassets in Resources */,
				CE6CFA772A13E16F0098DDE3 /* Main.storyboard in Resources */,
			);
			runOnlyForDeploymentPostprocessing = 0;
		};
/* End PBXResourcesBuildPhase section */

/* Begin PBXSourcesBuildPhase section */
		CE6CFA682A13E16F0098DDE3 /* Sources */ = {
			isa = PBXSourcesBuildPhase;
			buildActionMask = 2147483647;
			files = (
				CE6CFA8A2A13E9070098DDE3 /* Constants.swift in Sources */,
				CE6CFA702A13E16F0098DDE3 /* AppDelegate.swift in Sources */,
				CE6CFA962A13FDE70098DDE3 /* Extensions+Layout.swift in Sources */,
				CE6CFA852A13E1B60098DDE3 /* NewsListTableViewController.swift in Sources */,
				CE6CFA882A13E6CE0098DDE3 /* WebService.swift in Sources */,
				CE6CFA932A13F6030098DDE3 /* ArticleTableViewCell.swift in Sources */,
				CE6CFA8C2A13EA6A0098DDE3 /* ArticleModel.swift in Sources */,
				CE6CFA8F2A13F2A80098DDE3 /* ArticleViewModel.swift in Sources */,
				CE6CFA722A13E16F0098DDE3 /* SceneDelegate.swift in Sources */,
			);
			runOnlyForDeploymentPostprocessing = 0;
		};
/* End PBXSourcesBuildPhase section */

/* Begin PBXVariantGroup section */
		CE6CFA752A13E16F0098DDE3 /* Main.storyboard */ = {
			isa = PBXVariantGroup;
			children = (
				CE6CFA762A13E16F0098DDE3 /* Base */,
			);
			name = Main.storyboard;
			sourceTree = "<group>";
		};
		CE6CFA7A2A13E1700098DDE3 /* LaunchScreen.storyboard */ = {
			isa = PBXVariantGroup;
			children = (
				CE6CFA7B2A13E1700098DDE3 /* Base */,
			);
			name = LaunchScreen.storyboard;
			sourceTree = "<group>";
		};
/* End PBXVariantGroup section */

/* Begin XCBuildConfiguration section */
		CE6CFA7E2A13E1700098DDE3 /* Debug */ = {
			isa = XCBuildConfiguration;
			buildSettings = {
				ALWAYS_SEARCH_USER_PATHS = NO;
				CLANG_ANALYZER_NONNULL = YES;
				CLANG_ANALYZER_NUMBER_OBJECT_CONVERSION = YES_AGGRESSIVE;
				CLANG_CXX_LANGUAGE_STANDARD = "gnu++20";
				CLANG_ENABLE_MODULES = YES;
				CLANG_ENABLE_OBJC_ARC = YES;
				CLANG_ENABLE_OBJC_WEAK = YES;
				CLANG_WARN_BLOCK_CAPTURE_AUTORELEASING = YES;
				CLANG_WARN_BOOL_CONVERSION = YES;
				CLANG_WARN_COMMA = YES;
				CLANG_WARN_CONSTANT_CONVERSION = YES;
				CLANG_WARN_DEPRECATED_OBJC_IMPLEMENTATIONS = YES;
				CLANG_WARN_DIRECT_OBJC_ISA_USAGE = YES_ERROR;
				CLANG_WARN_DOCUMENTATION_COMMENTS = YES;
				CLANG_WARN_EMPTY_BODY = YES;
				CLANG_WARN_ENUM_CONVERSION = YES;
				CLANG_WARN_INFINITE_RECURSION = YES;
				CLANG_WARN_INT_CONVERSION = YES;
				CLANG_WARN_NON_LITERAL_NULL_CONVERSION = YES;
				CLANG_WARN_OBJC_IMPLICIT_RETAIN_SELF = YES;
				CLANG_WARN_OBJC_LITERAL_CONVERSION = YES;
				CLANG_WARN_OBJC_ROOT_CLASS = YES_ERROR;
				CLANG_WARN_QUOTED_INCLUDE_IN_FRAMEWORK_HEADER = YES;
				CLANG_WARN_RANGE_LOOP_ANALYSIS = YES;
				CLANG_WARN_STRICT_PROTOTYPES = YES;
				CLANG_WARN_SUSPICIOUS_MOVE = YES;
				CLANG_WARN_UNGUARDED_AVAILABILITY = YES_AGGRESSIVE;
				CLANG_WARN_UNREACHABLE_CODE = YES;
				CLANG_WARN__DUPLICATE_METHOD_MATCH = YES;
				COPY_PHASE_STRIP = NO;
				DEBUG_INFORMATION_FORMAT = dwarf;
				ENABLE_STRICT_OBJC_MSGSEND = YES;
				ENABLE_TESTABILITY = YES;
				GCC_C_LANGUAGE_STANDARD = gnu11;
				GCC_DYNAMIC_NO_PIC = NO;
				GCC_NO_COMMON_BLOCKS = YES;
				GCC_OPTIMIZATION_LEVEL = 0;
				GCC_PREPROCESSOR_DEFINITIONS = (
					"DEBUG=1",
					"$(inherited)",
				);
				GCC_WARN_64_TO_32_BIT_CONVERSION = YES;
				GCC_WARN_ABOUT_RETURN_TYPE = YES_ERROR;
				GCC_WARN_UNDECLARED_SELECTOR = YES;
				GCC_WARN_UNINITIALIZED_AUTOS = YES_AGGRESSIVE;
				GCC_WARN_UNUSED_FUNCTION = YES;
				GCC_WARN_UNUSED_VARIABLE = YES;
				IPHONEOS_DEPLOYMENT_TARGET = 16.4;
				MTL_ENABLE_DEBUG_INFO = INCLUDE_SOURCE;
				MTL_FAST_MATH = YES;
				ONLY_ACTIVE_ARCH = YES;
				SDKROOT = iphoneos;
				SWIFT_ACTIVE_COMPILATION_CONDITIONS = DEBUG;
				SWIFT_OPTIMIZATION_LEVEL = "-Onone";
			};
			name = Debug;
		};
		CE6CFA7F2A13E1700098DDE3 /* Release */ = {
			isa = XCBuildConfiguration;
			buildSettings = {
				ALWAYS_SEARCH_USER_PATHS = NO;
				CLANG_ANALYZER_NONNULL = YES;
				CLANG_ANALYZER_NUMBER_OBJECT_CONVERSION = YES_AGGRESSIVE;
				CLANG_CXX_LANGUAGE_STANDARD = "gnu++20";
				CLANG_ENABLE_MODULES = YES;
				CLANG_ENABLE_OBJC_ARC = YES;
				CLANG_ENABLE_OBJC_WEAK = YES;
				CLANG_WARN_BLOCK_CAPTURE_AUTORELEASING = YES;
				CLANG_WARN_BOOL_CONVERSION = YES;
				CLANG_WARN_COMMA = YES;
				CLANG_WARN_CONSTANT_CONVERSION = YES;
				CLANG_WARN_DEPRECATED_OBJC_IMPLEMENTATIONS = YES;
				CLANG_WARN_DIRECT_OBJC_ISA_USAGE = YES_ERROR;
				CLANG_WARN_DOCUMENTATION_COMMENTS = YES;
				CLANG_WARN_EMPTY_BODY = YES;
				CLANG_WARN_ENUM_CONVERSION = YES;
				CLANG_WARN_INFINITE_RECURSION = YES;
				CLANG_WARN_INT_CONVERSION = YES;
				CLANG_WARN_NON_LITERAL_NULL_CONVERSION = YES;
				CLANG_WARN_OBJC_IMPLICIT_RETAIN_SELF = YES;
				CLANG_WARN_OBJC_LITERAL_CONVERSION = YES;
				CLANG_WARN_OBJC_ROOT_CLASS = YES_ERROR;
				CLANG_WARN_QUOTED_INCLUDE_IN_FRAMEWORK_HEADER = YES;
				CLANG_WARN_RANGE_LOOP_ANALYSIS = YES;
				CLANG_WARN_STRICT_PROTOTYPES = YES;
				CLANG_WARN_SUSPICIOUS_MOVE = YES;
				CLANG_WARN_UNGUARDED_AVAILABILITY = YES_AGGRESSIVE;
				CLANG_WARN_UNREACHABLE_CODE = YES;
				CLANG_WARN__DUPLICATE_METHOD_MATCH = YES;
				COPY_PHASE_STRIP = NO;
				DEBUG_INFORMATION_FORMAT = "dwarf-with-dsym";
				ENABLE_NS_ASSERTIONS = NO;
				ENABLE_STRICT_OBJC_MSGSEND = YES;
				GCC_C_LANGUAGE_STANDARD = gnu11;
				GCC_NO_COMMON_BLOCKS = YES;
				GCC_WARN_64_TO_32_BIT_CONVERSION = YES;
				GCC_WARN_ABOUT_RETURN_TYPE = YES_ERROR;
				GCC_WARN_UNDECLARED_SELECTOR = YES;
				GCC_WARN_UNINITIALIZED_AUTOS = YES_AGGRESSIVE;
				GCC_WARN_UNUSED_FUNCTION = YES;
				GCC_WARN_UNUSED_VARIABLE = YES;
				IPHONEOS_DEPLOYMENT_TARGET = 16.4;
				MTL_ENABLE_DEBUG_INFO = NO;
				MTL_FAST_MATH = YES;
				SDKROOT = iphoneos;
				SWIFT_COMPILATION_MODE = wholemodule;
				SWIFT_OPTIMIZATION_LEVEL = "-O";
				VALIDATE_PRODUCT = YES;
			};
			name = Release;
		};
		CE6CFA812A13E1700098DDE3 /* Debug */ = {
			isa = XCBuildConfiguration;
			buildSettings = {
				ASSETCATALOG_COMPILER_APPICON_NAME = AppIcon;
				ASSETCATALOG_COMPILER_GLOBAL_ACCENT_COLOR_NAME = AccentColor;
				CODE_SIGN_STYLE = Automatic;
				CURRENT_PROJECT_VERSION = 1;
				DEVELOPMENT_TEAM = U43K5UN843;
				GENERATE_INFOPLIST_FILE = YES;
				INFOPLIST_FILE = NewsMate/Info.plist;
				INFOPLIST_KEY_CFBundleDisplayName = NewsMate;
				INFOPLIST_KEY_LSApplicationCategoryType = "public.app-category.news";
				INFOPLIST_KEY_UIApplicationSupportsIndirectInputEvents = YES;
				INFOPLIST_KEY_UILaunchStoryboardName = LaunchScreen;
				INFOPLIST_KEY_UIMainStoryboardFile = Main;
				INFOPLIST_KEY_UIStatusBarStyle = UIStatusBarStyleLightContent;
				INFOPLIST_KEY_UISupportedInterfaceOrientations_iPad = "UIInterfaceOrientationPortrait UIInterfaceOrientationPortraitUpsideDown UIInterfaceOrientationLandscapeLeft UIInterfaceOrientationLandscapeRight";
				INFOPLIST_KEY_UISupportedInterfaceOrientations_iPhone = "UIInterfaceOrientationPortrait UIInterfaceOrientationLandscapeLeft UIInterfaceOrientationLandscapeRight";
				IPHONEOS_DEPLOYMENT_TARGET = 15.0;
				LD_RUNPATH_SEARCH_PATHS = (
					"$(inherited)",
					"@executable_path/Frameworks",
				);
				MARKETING_VERSION = 1.0;
				PRODUCT_BUNDLE_IDENTIFIER = com.boringlemonade.NewsMate;
				PRODUCT_NAME = "$(TARGET_NAME)";
				SWIFT_EMIT_LOC_STRINGS = YES;
				SWIFT_VERSION = 5.0;
				TARGETED_DEVICE_FAMILY = "1,2";
			};
			name = Debug;
		};
		CE6CFA822A13E1700098DDE3 /* Release */ = {
			isa = XCBuildConfiguration;
			buildSettings = {
				ASSETCATALOG_COMPILER_APPICON_NAME = AppIcon;
				ASSETCATALOG_COMPILER_GLOBAL_ACCENT_COLOR_NAME = AccentColor;
				CODE_SIGN_STYLE = Automatic;
				CURRENT_PROJECT_VERSION = 1;
				DEVELOPMENT_TEAM = U43K5UN843;
				GENERATE_INFOPLIST_FILE = YES;
				INFOPLIST_FILE = NewsMate/Info.plist;
				INFOPLIST_KEY_CFBundleDisplayName = NewsMate;
				INFOPLIST_KEY_LSApplicationCategoryType = "public.app-category.news";
				INFOPLIST_KEY_UIApplicationSupportsIndirectInputEvents = YES;
				INFOPLIST_KEY_UILaunchStoryboardName = LaunchScreen;
				INFOPLIST_KEY_UIMainStoryboardFile = Main;
				INFOPLIST_KEY_UIStatusBarStyle = UIStatusBarStyleLightContent;
				INFOPLIST_KEY_UISupportedInterfaceOrientations_iPad = "UIInterfaceOrientationPortrait UIInterfaceOrientationPortraitUpsideDown UIInterfaceOrientationLandscapeLeft UIInterfaceOrientationLandscapeRight";
				INFOPLIST_KEY_UISupportedInterfaceOrientations_iPhone = "UIInterfaceOrientationPortrait UIInterfaceOrientationLandscapeLeft UIInterfaceOrientationLandscapeRight";
				IPHONEOS_DEPLOYMENT_TARGET = 15.0;
				LD_RUNPATH_SEARCH_PATHS = (
					"$(inherited)",
					"@executable_path/Frameworks",
				);
				MARKETING_VERSION = 1.0;
				PRODUCT_BUNDLE_IDENTIFIER = com.boringlemonade.NewsMate;
				PRODUCT_NAME = "$(TARGET_NAME)";
				SWIFT_EMIT_LOC_STRINGS = YES;
				SWIFT_VERSION = 5.0;
				TARGETED_DEVICE_FAMILY = "1,2";
			};
			name = Release;
		};
/* End XCBuildConfiguration section */

/* Begin XCConfigurationList section */
		CE6CFA672A13E16F0098DDE3 /* Build configuration list for PBXProject "NewsMate" */ = {
			isa = XCConfigurationList;
			buildConfigurations = (
				CE6CFA7E2A13E1700098DDE3 /* Debug */,
				CE6CFA7F2A13E1700098DDE3 /* Release */,
			);
			defaultConfigurationIsVisible = 0;
			defaultConfigurationName = Release;
		};
		CE6CFA802A13E1700098DDE3 /* Build configuration list for PBXNativeTarget "NewsMate" */ = {
			isa = XCConfigurationList;
			buildConfigurations = (
				CE6CFA812A13E1700098DDE3 /* Debug */,
				CE6CFA822A13E1700098DDE3 /* Release */,
			);
			defaultConfigurationIsVisible = 0;
			defaultConfigurationName = Release;
		};
/* End XCConfigurationList section */
	};
	rootObject = CE6CFA642A13E16F0098DDE3 /* Project object */;
}
